
Microsoft Visual Studio Solution File, Format Version 12.00
# Visual Studio Version 17
VisualStudioVersion = 17.11.35327.3
MinimumVisualStudioVersion = 10.0.40219.1
Project("{9A19103F-16F7-4668-BE54-9A1E7A4F7556}") = "VillageApp", "VillageApp.csproj", "{49099A69-8802-4AE3-8A21-CF6BAEE4FFB0}"
EndProject
Global
	GlobalSection(SolutionConfigurationPlatforms) = preSolution
		Debug|Any CPU = Debug|Any CPU
		Release|Any CPU = Release|Any CPU
	EndGlobalSection
	GlobalSection(ProjectConfigurationPlatforms) = postSolution
		{49099A69-8802-4AE3-8A21-CF6BAEE4FFB0}.Debug|Any CPU.ActiveCfg = Debug|Any CPU
		{49099A69-8802-4AE3-8A21-CF6BAEE4FFB0}.Debug|Any CPU.Build.0 = Debug|Any CPU
		{49099A69-8802-4AE3-8A21-CF6BAEE4FFB0}.Debug|Any CPU.Deploy.0 = Debug|Any CPU
		{49099A69-8802-4AE3-8A21-CF6BAEE4FFB0}.Release|Any CPU.ActiveCfg = Release|Any CPU
		{49099A69-8802-4AE3-8A21-CF6BAEE4FFB0}.Release|Any CPU.Build.0 = Release|Any CPU
		{49099A69-8802-4AE3-8A21-CF6BAEE4FFB0}.Release|Any CPU.Deploy.0 = Release|Any CPU
	EndGlobalSection
	GlobalSection(SolutionProperties) = preSolution
		HideSolutionNode = FALSE
	EndGlobalSection
	GlobalSection(ExtensibilityGlobals) = postSolution
		SolutionGuid = {A981DE36-2244-4C7F-937C-D325E3A0967C}
	EndGlobalSection
EndGlobal
